// !$*UTF8*$!
{
	archiveVersion = 1;
	classes = {
	};
	objectVersion = 46;
	objects = {

/* Begin PBXBuildFile section */
		EC16B0B51CE18DE70008633F /* AppDelegate.swift in Sources */ = {isa = PBXBuildFile; fileRef = EC16B0B41CE18DE70008633F /* AppDelegate.swift */; };
		EC16B0B71CE18DE70008633F /* ViewController.swift in Sources */ = {isa = PBXBuildFile; fileRef = EC16B0B61CE18DE70008633F /* ViewController.swift */; };
		EC16B0BA1CE18DE70008633F /* Main.storyboard in Resources */ = {isa = PBXBuildFile; fileRef = EC16B0B81CE18DE70008633F /* Main.storyboard */; };
		EC16B0BD1CE18DE70008633F /* Swift_Examples.xcdatamodeld in Sources */ = {isa = PBXBuildFile; fileRef = EC16B0BB1CE18DE70008633F /* Swift_Examples.xcdatamodeld */; };
		EC16B0BF1CE18DE70008633F /* Assets.xcassets in Resources */ = {isa = PBXBuildFile; fileRef = EC16B0BE1CE18DE70008633F /* Assets.xcassets */; };
		EC16B0C21CE18DE70008633F /* LaunchScreen.storyboard in Resources */ = {isa = PBXBuildFile; fileRef = EC16B0C01CE18DE70008633F /* LaunchScreen.storyboard */; };
		EC16B0CB1CE18E100008633F /* User.swift in Sources */ = {isa = PBXBuildFile; fileRef = EC16B0CA1CE18E100008633F /* User.swift */; };
		EC16B0CD1CE18E260008633F /* UserInfo.swift in Sources */ = {isa = PBXBuildFile; fileRef = EC16B0CC1CE18E260008633F /* UserInfo.swift */; };
		EC16B0CF1CE18E6E0008633F /* ModelUtility.framework in Frameworks */ = {isa = PBXBuildFile; fileRef = EC16B0CE1CE18E6E0008633F /* ModelUtility.framework */; };
		EC16B0D01CE18E6E0008633F /* ModelUtility.framework in Embed Frameworks */ = {isa = PBXBuildFile; fileRef = EC16B0CE1CE18E6E0008633F /* ModelUtility.framework */; settings = {ATTRIBUTES = (CodeSignOnCopy, RemoveHeadersOnCopy, ); }; };
/* End PBXBuildFile section */

/* Begin PBXCopyFilesBuildPhase section */
		EC16B0D11CE18E6F0008633F /* Embed Frameworks */ = {
			isa = PBXCopyFilesBuildPhase;
			buildActionMask = 2147483647;
			dstPath = "";
			dstSubfolderSpec = 10;
			files = (
				EC16B0D01CE18E6E0008633F /* ModelUtility.framework in Embed Frameworks */,
			);
			name = "Embed Frameworks";
			runOnlyForDeploymentPostprocessing = 0;
		};
/* End PBXCopyFilesBuildPhase section */

/* Begin PBXFileReference section */
		EC16B0B11CE18DE70008633F /* Swift Examples.app */ = {isa = PBXFileReference; explicitFileType = wrapper.application; includeInIndex = 0; path = "Swift Examples.app"; sourceTree = BUILT_PRODUCTS_DIR; };
		EC16B0B41CE18DE70008633F /* AppDelegate.swift */ = {isa = PBXFileReference; lastKnownFileType = sourcecode.swift; path = AppDelegate.swift; sourceTree = "<group>"; };
		EC16B0B61CE18DE70008633F /* ViewController.swift */ = {isa = PBXFileReference; lastKnownFileType = sourcecode.swift; path = ViewController.swift; sourceTree = "<group>"; };
		EC16B0B91CE18DE70008633F /* Base */ = {isa = PBXFileReference; lastKnownFileType = file.storyboard; name = Base; path = Base.lproj/Main.storyboard; sourceTree = "<group>"; };
		EC16B0BC1CE18DE70008633F /* Swift_Examples.xcdatamodel */ = {isa = PBXFileReference; lastKnownFileType = wrapper.xcdatamodel; path = Swift_Examples.xcdatamodel; sourceTree = "<group>"; };
		EC16B0BE1CE18DE70008633F /* Assets.xcassets */ = {isa = PBXFileReference; lastKnownFileType = folder.assetcatalog; path = Assets.xcassets; sourceTree = "<group>"; };
		EC16B0C11CE18DE70008633F /* Base */ = {isa = PBXFileReference; lastKnownFileType = file.storyboard; name = Base; path = Base.lproj/LaunchScreen.storyboard; sourceTree = "<group>"; };
		EC16B0C31CE18DE70008633F /* Info.plist */ = {isa = PBXFileReference; lastKnownFileType = text.plist.xml; path = Info.plist; sourceTree = "<group>"; };
		EC16B0CA1CE18E100008633F /* User.swift */ = {isa = PBXFileReference; fileEncoding = 4; lastKnownFileType = sourcecode.swift; path = User.swift; sourceTree = "<group>"; };
		EC16B0CC1CE18E260008633F /* UserInfo.swift */ = {isa = PBXFileReference; fileEncoding = 4; lastKnownFileType = sourcecode.swift; path = UserInfo.swift; sourceTree = "<group>"; };
		EC16B0CE1CE18E6E0008633F /* ModelUtility.framework */ = {isa = PBXFileReference; explicitFileType = wrapper.framework; name = ModelUtility.framework; path = "/Users/pactera/Library/Developer/Xcode/DerivedData/ModelUtility-bxbczbvrmnndypgjwdysmnniddwo/Build/Products/Debug-iphonesimulator/ModelUtility.framework"; sourceTree = "<absolute>"; };
/* End PBXFileReference section */

/* Begin PBXFrameworksBuildPhase section */
		EC16B0AE1CE18DE70008633F /* Frameworks */ = {
			isa = PBXFrameworksBuildPhase;
			buildActionMask = 2147483647;
			files = (
				EC16B0CF1CE18E6E0008633F /* ModelUtility.framework in Frameworks */,
			);
			runOnlyForDeploymentPostprocessing = 0;
		};
/* End PBXFrameworksBuildPhase section */

/* Begin PBXGroup section */
		EC16B0A81CE18DE70008633F = {
			isa = PBXGroup;
			children = (
				EC16B0CE1CE18E6E0008633F /* ModelUtility.framework */,
				EC16B0B31CE18DE70008633F /* Swift Examples */,
				EC16B0B21CE18DE70008633F /* Products */,
			);
			sourceTree = "<group>";
		};
		EC16B0B21CE18DE70008633F /* Products */ = {
			isa = PBXGroup;
			children = (
				EC16B0B11CE18DE70008633F /* Swift Examples.app */,
			);
			name = Products;
			sourceTree = "<group>";
		};
		EC16B0B31CE18DE70008633F /* Swift Examples */ = {
			isa = PBXGroup;
			children = (
				EC16B0C91CE18DFD0008633F /* Model */,
				EC16B0B41CE18DE70008633F /* AppDelegate.swift */,
				EC16B0B61CE18DE70008633F /* ViewController.swift */,
				EC16B0B81CE18DE70008633F /* Main.storyboard */,
				EC16B0BE1CE18DE70008633F /* Assets.xcassets */,
				EC16B0C01CE18DE70008633F /* LaunchScreen.storyboard */,
				EC16B0C31CE18DE70008633F /* Info.plist */,
				EC16B0BB1CE18DE70008633F /* Swift_Examples.xcdatamodeld */,
			);
			path = "Swift Examples";
			sourceTree = "<group>";
		};
		EC16B0C91CE18DFD0008633F /* Model */ = {
			isa = PBXGroup;
			children = (
				EC16B0CA1CE18E100008633F /* User.swift */,
				EC16B0CC1CE18E260008633F /* UserInfo.swift */,
			);
			name = Model;
			sourceTree = "<group>";
		};
/* End PBXGroup section */

/* Begin PBXNativeTarget section */
		EC16B0B01CE18DE70008633F /* Swift Examples */ = {
			isa = PBXNativeTarget;
			buildConfigurationList = EC16B0C61CE18DE70008633F /* Build configuration list for PBXNativeTarget "Swift Examples" */;
			buildPhases = (
				EC16B0AD1CE18DE70008633F /* Sources */,
				EC16B0AE1CE18DE70008633F /* Frameworks */,
				EC16B0AF1CE18DE70008633F /* Resources */,
				EC16B0D11CE18E6F0008633F /* Embed Frameworks */,
			);
			buildRules = (
			);
			dependencies = (
			);
			name = "Swift Examples";
			productName = "Swift Examples";
			productReference = EC16B0B11CE18DE70008633F /* Swift Examples.app */;
			productType = "com.apple.product-type.application";
		};
/* End PBXNativeTarget section */

/* Begin PBXProject section */
		EC16B0A91CE18DE70008633F /* Project object */ = {
			isa = PBXProject;
			attributes = {
				LastSwiftUpdateCheck = 0730;
				LastUpgradeCheck = 0730;
				ORGANIZATIONNAME = "任贵权";
				TargetAttributes = {
					EC16B0B01CE18DE70008633F = {
						CreatedOnToolsVersion = 7.3;
					};
				};
			};
			buildConfigurationList = EC16B0AC1CE18DE70008633F /* Build configuration list for PBXProject "Swift Examples" */;
			compatibilityVersion = "Xcode 3.2";
			developmentRegion = English;
			hasScannedForEncodings = 0;
			knownRegions = (
				en,
				Base,
			);
			mainGroup = EC16B0A81CE18DE70008633F;
			productRefGroup = EC16B0B21CE18DE70008633F /* Products */;
			projectDirPath = "";
			projectRoot = "";
			targets = (
				EC16B0B01CE18DE70008633F /* Swift Examples */,
			);
		};
/* End PBXProject section */

/* Begin PBXResourcesBuildPhase section */
		EC16B0AF1CE18DE70008633F /* Resources */ = {
			isa = PBXResourcesBuildPhase;
			buildActionMask = 2147483647;
			files = (
				EC16B0C21CE18DE70008633F /* LaunchScreen.storyboard in Resources */,
				EC16B0BF1CE18DE70008633F /* Assets.xcassets in Resources */,
				EC16B0BA1CE18DE70008633F /* Main.storyboard in Resources */,
			);
			runOnlyForDeploymentPostprocessing = 0;
		};
/* End PBXResourcesBuildPhase section */

/* Begin PBXSourcesBuildPhase section */
		EC16B0AD1CE18DE70008633F /* Sources */ = {
			isa = PBXSourcesBuildPhase;
			buildActionMask = 2147483647;
			files = (
				EC16B0CB1CE18E100008633F /* User.swift in Sources */,
				EC16B0B71CE18DE70008633F /* ViewController.swift in Sources */,
				EC16B0BD1CE18DE70008633F /* Swift_Examples.xcdatamodeld in Sources */,
				EC16B0CD1CE18E260008633F /* UserInfo.swift in Sources */,
				EC16B0B51CE18DE70008633F /* AppDelegate.swift in Sources */,
			);
			runOnlyForDeploymentPostprocessing = 0;
		};
/* End PBXSourcesBuildPhase section */

/* Begin PBXVariantGroup section */
		EC16B0B81CE18DE70008633F /* Main.storyboard */ = {
			isa = PBXVariantGroup;
			children = (
				EC16B0B91CE18DE70008633F /* Base */,
			);
			name = Main.storyboard;
			sourceTree = "<group>";
		};
		EC16B0C01CE18DE70008633F /* LaunchScreen.storyboard */ = {
			isa = PBXVariantGroup;
			children = (
				EC16B0C11CE18DE70008633F /* Base */,
			);
			name = LaunchScreen.storyboard;
			sourceTree = "<group>";
		};
/* End PBXVariantGroup section */

/* Begin XCBuildConfiguration section */
		EC16B0C41CE18DE70008633F /* Debug */ = {
			isa = XCBuildConfiguration;
			buildSettings = {
				ALWAYS_SEARCH_USER_PATHS = NO;
				CLANG_ANALYZER_NONNULL = YES;
				CLANG_CXX_LANGUAGE_STANDARD = "gnu++0x";
				CLANG_CXX_LIBRARY = "libc++";
				CLANG_ENABLE_MODULES = YES;
				CLANG_ENABLE_OBJC_ARC = YES;
				CLANG_WARN_BOOL_CONVERSION = YES;
				CLANG_WARN_CONSTANT_CONVERSION = YES;
				CLANG_WARN_DIRECT_OBJC_ISA_USAGE = YES_ERROR;
				CLANG_WARN_EMPTY_BODY = YES;
				CLANG_WARN_ENUM_CONVERSION = YES;
				CLANG_WARN_INT_CONVERSION = YES;
				CLANG_WARN_OBJC_ROOT_CLASS = YES_ERROR;
				CLANG_WARN_UNREACHABLE_CODE = YES;
				CLANG_WARN__DUPLICATE_METHOD_MATCH = YES;
				"CODE_SIGN_IDENTITY[sdk=iphoneos*]" = "iPhone Developer";
				COPY_PHASE_STRIP = NO;
				DEBUG_INFORMATION_FORMAT = dwarf;
				ENABLE_STRICT_OBJC_MSGSEND = YES;
				ENABLE_TESTABILITY = YES;
				GCC_C_LANGUAGE_STANDARD = gnu99;
				GCC_DYNAMIC_NO_PIC = NO;
				GCC_NO_COMMON_BLOCKS = YES;
				GCC_OPTIMIZATION_LEVEL = 0;
				GCC_PREPROCESSOR_DEFINITIONS = (
					"DEBUG=1",
					"$(inherited)",
				);
				GCC_WARN_64_TO_32_BIT_CONVERSION = YES;
				GCC_WARN_ABOUT_RETURN_TYPE = YES_ERROR;
				GCC_WARN_UNDECLARED_SELECTOR = YES;
				GCC_WARN_UNINITIALIZED_AUTOS = YES_AGGRESSIVE;
				GCC_WARN_UNUSED_FUNCTION = YES;
				GCC_WARN_UNUSED_VARIABLE = YES;
				IPHONEOS_DEPLOYMENT_TARGET = 9.3;
				MTL_ENABLE_DEBUG_INFO = YES;
				ONLY_ACTIVE_ARCH = YES;
				SDKROOT = iphoneos;
				SWIFT_OPTIMIZATION_LEVEL = "-Onone";
			};
			name = Debug;
		};
		EC16B0C51CE18DE70008633F /* Release */ = {
			isa = XCBuildConfiguration;
			buildSettings = {
				ALWAYS_SEARCH_USER_PATHS = NO;
				CLANG_ANALYZER_NONNULL = YES;
				CLANG_CXX_LANGUAGE_STANDARD = "gnu++0x";
				CLANG_CXX_LIBRARY = "libc++";
				CLANG_ENABLE_MODULES = YES;
				CLANG_ENABLE_OBJC_ARC = YES;
				CLANG_WARN_BOOL_CONVERSION = YES;
				CLANG_WARN_CONSTANT_CONVERSION = YES;
				CLANG_WARN_DIRECT_OBJC_ISA_USAGE = YES_ERROR;
				CLANG_WARN_EMPTY_BODY = YES;
				CLANG_WARN_ENUM_CONVERSION = YES;
				CLANG_WARN_INT_CONVERSION = YES;
				CLANG_WARN_OBJC_ROOT_CLASS = YES_ERROR;
				CLANG_WARN_UNREACHABLE_CODE = YES;
				CLANG_WARN__DUPLICATE_METHOD_MATCH = YES;
				"CODE_SIGN_IDENTITY[sdk=iphoneos*]" = "iPhone Developer";
				COPY_PHASE_STRIP = NO;
				DEBUG_INFORMATION_FORMAT = "dwarf-with-dsym";
				ENABLE_NS_ASSERTIONS = NO;
				ENABLE_STRICT_OBJC_MSGSEND = YES;
				GCC_C_LANGUAGE_STANDARD = gnu99;
				GCC_NO_COMMON_BLOCKS = YES;
				GCC_WARN_64_TO_32_BIT_CONVERSION = YES;
				GCC_WARN_ABOUT_RETURN_TYPE = YES_ERROR;
				GCC_WARN_UNDECLARED_SELECTOR = YES;
				GCC_WARN_UNINITIALIZED_AUTOS = YES_AGGRESSIVE;
				GCC_WARN_UNUSED_FUNCTION = YES;
				GCC_WARN_UNUSED_VARIABLE = YES;
				IPHONEOS_DEPLOYMENT_TARGET = 9.3;
				MTL_ENABLE_DEBUG_INFO = NO;
				SDKROOT = iphoneos;
				VALIDATE_PRODUCT = YES;
			};
			name = Release;
		};
		EC16B0C71CE18DE70008633F /* Debug */ = {
			isa = XCBuildConfiguration;
			buildSettings = {
				ASSETCATALOG_COMPILER_APPICON_NAME = AppIcon;
				INFOPLIST_FILE = "Swift Examples/Info.plist";
				LD_RUNPATH_SEARCH_PATHS = "$(inherited) @executable_path/Frameworks";
				PRODUCT_BUNDLE_IDENTIFIER = "com.isunimp.Swift-Examples";
				PRODUCT_NAME = "$(TARGET_NAME)";
			};
			name = Debug;
		};
		EC16B0C81CE18DE70008633F /* Release */ = {
			isa = XCBuildConfiguration;
			buildSettings = {
				ASSETCATALOG_COMPILER_APPICON_NAME = AppIcon;
				INFOPLIST_FILE = "Swift Examples/Info.plist";
				LD_RUNPATH_SEARCH_PATHS = "$(inherited) @executable_path/Frameworks";
				PRODUCT_BUNDLE_IDENTIFIER = "com.isunimp.Swift-Examples";
				PRODUCT_NAME = "$(TARGET_NAME)";
			};
			name = Release;
		};
/* End XCBuildConfiguration section */

/* Begin XCConfigurationList section */
		EC16B0AC1CE18DE70008633F /* Build configuration list for PBXProject "Swift Examples" */ = {
			isa = XCConfigurationList;
			buildConfigurations = (
				EC16B0C41CE18DE70008633F /* Debug */,
				EC16B0C51CE18DE70008633F /* Release */,
			);
			defaultConfigurationIsVisible = 0;
			defaultConfigurationName = Release;
		};
		EC16B0C61CE18DE70008633F /* Build configuration list for PBXNativeTarget "Swift Examples" */ = {
			isa = XCConfigurationList;
			buildConfigurations = (
				EC16B0C71CE18DE70008633F /* Debug */,
				EC16B0C81CE18DE70008633F /* Release */,
			);
			defaultConfigurationIsVisible = 0;
		};
/* End XCConfigurationList section */

/* Begin XCVersionGroup section */
		EC16B0BB1CE18DE70008633F /* Swift_Examples.xcdatamodeld */ = {
			isa = XCVersionGroup;
			children = (
				EC16B0BC1CE18DE70008633F /* Swift_Examples.xcdatamodel */,
			);
			currentVersion = EC16B0BC1CE18DE70008633F /* Swift_Examples.xcdatamodel */;
			path = Swift_Examples.xcdatamodeld;
			sourceTree = "<group>";
			versionGroupType = wrapper.xcdatamodel;
		};
/* End XCVersionGroup section */
	};
	rootObject = EC16B0A91CE18DE70008633F /* Project object */;
}
